// !$*UTF8*$!
{
	archiveVersion = 1;
	classes = {
	};
	objectVersion = 46;
	objects = {

/* Begin PBXBuildFile section */
		57A101C91CBB029B00F7A9A9 /* mechanic_skill_group.swift in Sources */ = {isa = PBXBuildFile; fileRef = 57A101C81CBB029B00F7A9A9 /* mechanic_skill_group.swift */; };
		57C322591CB63EB500C3FFD3 /* skill.swift in Sources */ = {isa = PBXBuildFile; fileRef = 57C322581CB63EB500C3FFD3 /* skill.swift */; };
		57C3225B1CB6401400C3FFD3 /* job.swift in Sources */ = {isa = PBXBuildFile; fileRef = 57C3225A1CB6401400C3FFD3 /* job.swift */; };
		57C3225D1CB6433B00C3FFD3 /* shop.swift in Sources */ = {isa = PBXBuildFile; fileRef = 57C3225C1CB6433B00C3FFD3 /* shop.swift */; };
		57C5DFAC1CB63D6D008543D5 /* main.swift in Sources */ = {isa = PBXBuildFile; fileRef = 57C5DFAB1CB63D6D008543D5 /* main.swift */; };
		57C5DFB31CB63DB3008543D5 /* mechanic.swift in Sources */ = {isa = PBXBuildFile; fileRef = 57C5DFB21CB63DB3008543D5 /* mechanic.swift */; };
/* End PBXBuildFile section */

/* Begin PBXCopyFilesBuildPhase section */
		57C5DFA61CB63D6D008543D5 /* CopyFiles */ = {
			isa = PBXCopyFilesBuildPhase;
			buildActionMask = 2147483647;
			dstPath = /usr/share/man/man1/;
			dstSubfolderSpec = 0;
			files = (
			);
			runOnlyForDeploymentPostprocessing = 1;
		};
/* End PBXCopyFilesBuildPhase section */

/* Begin PBXFileReference section */
		57A101C81CBB029B00F7A9A9 /* mechanic_skill_group.swift */ = {isa = PBXFileReference; fileEncoding = 4; lastKnownFileType = sourcecode.swift; path = mechanic_skill_group.swift; sourceTree = "<group>"; };
		57C322581CB63EB500C3FFD3 /* skill.swift */ = {isa = PBXFileReference; fileEncoding = 4; lastKnownFileType = sourcecode.swift; path = skill.swift; sourceTree = "<group>"; };
		57C3225A1CB6401400C3FFD3 /* job.swift */ = {isa = PBXFileReference; fileEncoding = 4; lastKnownFileType = sourcecode.swift; path = job.swift; sourceTree = "<group>"; };
		57C3225C1CB6433B00C3FFD3 /* shop.swift */ = {isa = PBXFileReference; fileEncoding = 4; lastKnownFileType = sourcecode.swift; path = shop.swift; sourceTree = "<group>"; };
		57C5DFA81CB63D6D008543D5 /* Mechanic - Chain Of Responsibility */ = {isa = PBXFileReference; explicitFileType = "compiled.mach-o.executable"; includeInIndex = 0; path = "Mechanic - Chain Of Responsibility"; sourceTree = BUILT_PRODUCTS_DIR; };
		57C5DFAB1CB63D6D008543D5 /* main.swift */ = {isa = PBXFileReference; lastKnownFileType = sourcecode.swift; path = main.swift; sourceTree = "<group>"; };
		57C5DFB21CB63DB3008543D5 /* mechanic.swift */ = {isa = PBXFileReference; fileEncoding = 4; lastKnownFileType = sourcecode.swift; path = mechanic.swift; sourceTree = "<group>"; };
/* End PBXFileReference section */

/* Begin PBXFrameworksBuildPhase section */
		57C5DFA51CB63D6D008543D5 /* Frameworks */ = {
			isa = PBXFrameworksBuildPhase;
			buildActionMask = 2147483647;
			files = (
			);
			runOnlyForDeploymentPostprocessing = 0;
		};
/* End PBXFrameworksBuildPhase section */

/* Begin PBXGroup section */
		57C5DF9F1CB63D6D008543D5 = {
			isa = PBXGroup;
			children = (
				57C5DFAA1CB63D6D008543D5 /* Mechanic - Chain Of Responsibility */,
				57C5DFA91CB63D6D008543D5 /* Products */,
			);
			sourceTree = "<group>";
		};
		57C5DFA91CB63D6D008543D5 /* Products */ = {
			isa = PBXGroup;
			children = (
				57C5DFA81CB63D6D008543D5 /* Mechanic - Chain Of Responsibility */,
			);
			name = Products;
			sourceTree = "<group>";
		};
		57C5DFAA1CB63D6D008543D5 /* Mechanic - Chain Of Responsibility */ = {
			isa = PBXGroup;
			children = (
				57C5DFAB1CB63D6D008543D5 /* main.swift */,
				57C5DFB21CB63DB3008543D5 /* mechanic.swift */,
				57C322581CB63EB500C3FFD3 /* skill.swift */,
				57C3225A1CB6401400C3FFD3 /* job.swift */,
				57C3225C1CB6433B00C3FFD3 /* shop.swift */,
				57A101C81CBB029B00F7A9A9 /* mechanic_skill_group.swift */,
			);
			path = "Mechanic - Chain Of Responsibility";
			sourceTree = "<group>";
		};
/* End PBXGroup section */

/* Begin PBXNativeTarget section */
		57C5DFA71CB63D6D008543D5 /* Mechanic - Chain Of Responsibility */ = {
			isa = PBXNativeTarget;
			buildConfigurationList = 57C5DFAF1CB63D6D008543D5 /* Build configuration list for PBXNativeTarget "Mechanic - Chain Of Responsibility" */;
			buildPhases = (
				57C5DFA41CB63D6D008543D5 /* Sources */,
				57C5DFA51CB63D6D008543D5 /* Frameworks */,
				57C5DFA61CB63D6D008543D5 /* CopyFiles */,
				5796D0421CC2E94F00286191 /* ShellScript */,
			);
			buildRules = (
			);
			dependencies = (
			);
			name = "Mechanic - Chain Of Responsibility";
			productName = "Mechanic - Chain Of Responsibility";
			productReference = 57C5DFA81CB63D6D008543D5 /* Mechanic - Chain Of Responsibility */;
			productType = "com.apple.product-type.tool";
		};
/* End PBXNativeTarget section */

/* Begin PBXProject section */
		57C5DFA01CB63D6D008543D5 /* Project object */ = {
			isa = PBXProject;
			attributes = {
				LastSwiftUpdateCheck = 0720;
				LastUpgradeCheck = 0720;
				ORGANIZATIONNAME = "Reza Shirazian";
				TargetAttributes = {
					57C5DFA71CB63D6D008543D5 = {
						CreatedOnToolsVersion = 7.2.1;
					};
				};
			};
			buildConfigurationList = 57C5DFA31CB63D6D008543D5 /* Build configuration list for PBXProject "Mechanic - Chain Of Responsibility" */;
			compatibilityVersion = "Xcode 3.2";
			developmentRegion = English;
			hasScannedForEncodings = 0;
			knownRegions = (
				en,
			);
			mainGroup = 57C5DF9F1CB63D6D008543D5;
			productRefGroup = 57C5DFA91CB63D6D008543D5 /* Products */;
			projectDirPath = "";
			projectRoot = "";
			targets = (
				57C5DFA71CB63D6D008543D5 /* Mechanic - Chain Of Responsibility */,
			);
		};
/* End PBXProject section */

/* Begin PBXShellScriptBuildPhase section */
		5796D0421CC2E94F00286191 /* ShellScript */ = {
			isa = PBXShellScriptBuildPhase;
			buildActionMask = 2147483647;
			files = (
			);
			inputPaths = (
			);
			outputPaths = (
			);
			runOnlyForDeploymentPostprocessing = 0;
			shellPath = /bin/sh;
			shellScript = "if which swiftlint >/dev/null; then\nswiftlint\nelse\necho \"warning: SwiftLint not installed, download from https://github.com/realm/SwiftLint\"\nfi";
		};
/* End PBXShellScriptBuildPhase section */

/* Begin PBXSourcesBuildPhase section */
		57C5DFA41CB63D6D008543D5 /* Sources */ = {
			isa = PBXSourcesBuildPhase;
			buildActionMask = 2147483647;
			files = (
				57C3225D1CB6433B00C3FFD3 /* shop.swift in Sources */,
				57A101C91CBB029B00F7A9A9 /* mechanic_skill_group.swift in Sources */,
				57C322591CB63EB500C3FFD3 /* skill.swift in Sources */,
				57C5DFAC1CB63D6D008543D5 /* main.swift in Sources */,
				57C5DFB31CB63DB3008543D5 /* mechanic.swift in Sources */,
				57C3225B1CB6401400C3FFD3 /* job.swift in Sources */,
			);
			runOnlyForDeploymentPostprocessing = 0;
		};
/* End PBXSourcesBuildPhase section */

/* Begin XCBuildConfiguration section */
		57C5DFAD1CB63D6D008543D5 /* Debug */ = {
			isa = XCBuildConfiguration;
			buildSettings = {
				ALWAYS_SEARCH_USER_PATHS = NO;
				CLANG_CXX_LANGUAGE_STANDARD = "gnu++0x";
				CLANG_CXX_LIBRARY = "libc++";
				CLANG_ENABLE_MODULES = YES;
				CLANG_ENABLE_OBJC_ARC = YES;
				CLANG_WARN_BOOL_CONVERSION = YES;
				CLANG_WARN_CONSTANT_CONVERSION = YES;
				CLANG_WARN_DIRECT_OBJC_ISA_USAGE = YES_ERROR;
				CLANG_WARN_EMPTY_BODY = YES;
				CLANG_WARN_ENUM_CONVERSION = YES;
				CLANG_WARN_INT_CONVERSION = YES;
				CLANG_WARN_OBJC_ROOT_CLASS = YES_ERROR;
				CLANG_WARN_UNREACHABLE_CODE = YES;
				CLANG_WARN__DUPLICATE_METHOD_MATCH = YES;
				CODE_SIGN_IDENTITY = "-";
				COPY_PHASE_STRIP = NO;
				DEBUG_INFORMATION_FORMAT = dwarf;
				ENABLE_STRICT_OBJC_MSGSEND = YES;
				ENABLE_TESTABILITY = YES;
				GCC_C_LANGUAGE_STANDARD = gnu99;
				GCC_DYNAMIC_NO_PIC = NO;
				GCC_NO_COMMON_BLOCKS = YES;
				GCC_OPTIMIZATION_LEVEL = 0;
				GCC_PREPROCESSOR_DEFINITIONS = (
					"DEBUG=1",
					"$(inherited)",
				);
				GCC_WARN_64_TO_32_BIT_CONVERSION = YES;
				GCC_WARN_ABOUT_RETURN_TYPE = YES_ERROR;
				GCC_WARN_UNDECLARED_SELECTOR = YES;
				GCC_WARN_UNINITIALIZED_AUTOS = YES_AGGRESSIVE;
				GCC_WARN_UNUSED_FUNCTION = YES;
				GCC_WARN_UNUSED_VARIABLE = YES;
				MACOSX_DEPLOYMENT_TARGET = 10.10;
				MTL_ENABLE_DEBUG_INFO = YES;
				ONLY_ACTIVE_ARCH = YES;
				SDKROOT = macosx;
				SWIFT_OPTIMIZATION_LEVEL = "-Onone";
			};
			name = Debug;
		};
		57C5DFAE1CB63D6D008543D5 /* Release */ = {
			isa = XCBuildConfiguration;
			buildSettings = {
				ALWAYS_SEARCH_USER_PATHS = NO;
				CLANG_CXX_LANGUAGE_STANDARD = "gnu++0x";
				CLANG_CXX_LIBRARY = "libc++";
				CLANG_ENABLE_MODULES = YES;
				CLANG_ENABLE_OBJC_ARC = YES;
				CLANG_WARN_BOOL_CONVERSION = YES;
				CLANG_WARN_CONSTANT_CONVERSION = YES;
				CLANG_WARN_DIRECT_OBJC_ISA_USAGE = YES_ERROR;
				CLANG_WARN_EMPTY_BODY = YES;
				CLANG_WARN_ENUM_CONVERSION = YES;
				CLANG_WARN_INT_CONVERSION = YES;
				CLANG_WARN_OBJC_ROOT_CLASS = YES_ERROR;
				CLANG_WARN_UNREACHABLE_CODE = YES;
				CLANG_WARN__DUPLICATE_METHOD_MATCH = YES;
				CODE_SIGN_IDENTITY = "-";
				COPY_PHASE_STRIP = NO;
				DEBUG_INFORMATION_FORMAT = "dwarf-with-dsym";
				ENABLE_NS_ASSERTIONS = NO;
				ENABLE_STRICT_OBJC_MSGSEND = YES;
				GCC_C_LANGUAGE_STANDARD = gnu99;
				GCC_NO_COMMON_BLOCKS = YES;
				GCC_WARN_64_TO_32_BIT_CONVERSION = YES;
				GCC_WARN_ABOUT_RETURN_TYPE = YES_ERROR;
				GCC_WARN_UNDECLARED_SELECTOR = YES;
				GCC_WARN_UNINITIALIZED_AUTOS = YES_AGGRESSIVE;
				GCC_WARN_UNUSED_FUNCTION = YES;
				GCC_WARN_UNUSED_VARIABLE = YES;
				MACOSX_DEPLOYMENT_TARGET = 10.10;
				MTL_ENABLE_DEBUG_INFO = NO;
				SDKROOT = macosx;
			};
			name = Release;
		};
		57C5DFB01CB63D6D008543D5 /* Debug */ = {
			isa = XCBuildConfiguration;
			buildSettings = {
				PRODUCT_NAME = "$(TARGET_NAME)";
			};
			name = Debug;
		};
		57C5DFB11CB63D6D008543D5 /* Release */ = {
			isa = XCBuildConfiguration;
			buildSettings = {
				PRODUCT_NAME = "$(TARGET_NAME)";
			};
			name = Release;
		};
/* End XCBuildConfiguration section */

/* Begin XCConfigurationList section */
		57C5DFA31CB63D6D008543D5 /* Build configuration list for PBXProject "Mechanic - Chain Of Responsibility" */ = {
			isa = XCConfigurationList;
			buildConfigurations = (
				57C5DFAD1CB63D6D008543D5 /* Debug */,
				57C5DFAE1CB63D6D008543D5 /* Release */,
			);
			defaultConfigurationIsVisible = 0;
			defaultConfigurationName = Release;
		};
		57C5DFAF1CB63D6D008543D5 /* Build configuration list for PBXNativeTarget "Mechanic - Chain Of Responsibility" */ = {
			isa = XCConfigurationList;
			buildConfigurations = (
				57C5DFB01CB63D6D008543D5 /* Debug */,
				57C5DFB11CB63D6D008543D5 /* Release */,
			);
			defaultConfigurationIsVisible = 0;
			defaultConfigurationName = Release;
		};
/* End XCConfigurationList section */
	};
	rootObject = 57C5DFA01CB63D6D008543D5 /* Project object */;
}
